
Microsoft Visual Studio Solution File, Format Version 12.00
# Visual Studio Version 17
VisualStudioVersion = 17.0.31912.275
MinimumVisualStudioVersion = 10.0.40219.1
Project("{FAE04EC0-301F-11D3-BF4B-00C04F79EFBC}") = "ASPDotNetWebAPIProject", "ASPDotNetWebAPIProject\ASPDotNetWebAPIProject.csproj", "{8FEFA229-2FF6-4C98-A790-349A2F115742}"
EndProject
Global
	GlobalSection(SolutionConfigurationPlatforms) = preSolution
		Debug|Any CPU = Debug|Any CPU
		Release|Any CPU = Release|Any CPU
	EndGlobalSection
	GlobalSection(ProjectConfigurationPlatforms) = postSolution
		{8FEFA229-2FF6-4C98-A790-349A2F115742}.Debug|Any CPU.ActiveCfg = Debug|Any CPU
		{8FEFA229-2FF6-4C98-A790-349A2F115742}.Debug|Any CPU.Build.0 = Debug|Any CPU
		{8FEFA229-2FF6-4C98-A790-349A2F115742}.Release|Any CPU.ActiveCfg = Release|Any CPU
		{8FEFA229-2FF6-4C98-A790-349A2F115742}.Release|Any CPU.Build.0 = Release|Any CPU
	EndGlobalSection
	GlobalSection(SolutionProperties) = preSolution
		HideSolutionNode = FALSE
	EndGlobalSection
	GlobalSection(ExtensibilityGlobals) = postSolution
		SolutionGuid = {442417ED-8839-4DC1-A00F-786331BD1140}
	EndGlobalSection
EndGlobal
